Microsoft Visual Studio Solution File, Format Version 12.00
# Visual Studio Version 17
VisualStudioVersion = 17.5.2.0
MinimumVisualStudioVersion = 10.0.40219.1
Project("{FAE04EC0-301F-11D3-BF4B-00C04F79EFBC}") = "chola-app", "chola-app.csproj", "{3A5428E4-B17E-D90F-E738-EB4E8216C155}"
EndProject
Global
	GlobalSection(SolutionConfigurationPlatforms) = preSolution
		Debug|Any CPU = Debug|Any CPU
		Release|Any CPU = Release|Any CPU
	EndGlobalSection
	GlobalSection(ProjectConfigurationPlatforms) = postSolution
		{3A5428E4-B17E-D90F-E738-EB4E8216C155}.Debug|Any CPU.ActiveCfg = Debug|Any CPU
		{3A5428E4-B17E-D90F-E738-EB4E8216C155}.Debug|Any CPU.Build.0 = Debug|Any CPU
		{3A5428E4-B17E-D90F-E738-EB4E8216C155}.Release|Any CPU.ActiveCfg = Release|Any CPU
		{3A5428E4-B17E-D90F-E738-EB4E8216C155}.Release|Any CPU.Build.0 = Release|Any CPU
	EndGlobalSection
	GlobalSection(SolutionProperties) = preSolution
		HideSolutionNode = FALSE
	EndGlobalSection
	GlobalSection(ExtensibilityGlobals) = postSolution
		SolutionGuid = {E8951163-18B1-4911-91CA-452E64B88BD5}
	EndGlobalSection
EndGlobal
